// !$*UTF8*$!
{
	archiveVersion = 1;
	classes = {
	};
	objectVersion = 77;
	objects = {

/* Begin PBXBuildFile section */
		2E156462A34BF050898057E9 /* CreditOrb.swift in Sources */ = {isa = PBXBuildFile; fileRef = 4CCEE5D096E0717746D2DBE0 /* CreditOrb.swift */; };
		52688D71D2845022E3383A9B /* StarField.swift in Sources */ = {isa = PBXBuildFile; fileRef = CDECE36FD5D948CA8A8DD707 /* StarField.swift */; };
		560FEA7560F5FEBA54FA605A /* GameScene.swift in Sources */ = {isa = PBXBuildFile; fileRef = 3E65EE160DD0573A3A2207FD /* GameScene.swift */; };
		5E64467CFFE6962E55906D0D /* IonCannon.wav in Resources */ = {isa = PBXBuildFile; fileRef = 56E2CC474D64433C10BA2F51 /* IonCannon.wav */; };
		62D0E5EAE5B76E3A33184BEF /* LevelConfig.swift in Sources */ = {isa = PBXBuildFile; fileRef = 1A2C567294046AAFC596970B /* LevelConfig.swift */; };
		63DBF71BA833660AF101E0F0 /* EnemyShip.swift in Sources */ = {isa = PBXBuildFile; fileRef = 95AB6BCD0D68C8ECD79BCCBA /* EnemyShip.swift */; };
		6CE1104D7C631D24D4CE1C01 /* Weapon.swift in Sources */ = {isa = PBXBuildFile; fileRef = 2760339262C1B81A715075B3 /* Weapon.swift */; };
		88431F81764C900FB43837A9 /* Spritefighter.wav in Resources */ = {isa = PBXBuildFile; fileRef = 6CEE1B49814469EBD26DC153 /* Spritefighter.wav */; };
		8E3DF94542DAA2103ED70324 /* SpreadCannon.wav in Resources */ = {isa = PBXBuildFile; fileRef = 6F6F305ED676F352549ECC9C /* SpreadCannon.wav */; };
		9819BFDA31ABBCAF9CFFBB87 /* ShieldComponent.swift in Sources */ = {isa = PBXBuildFile; fileRef = 08FE6A33753C3C8939E0BC95 /* ShieldComponent.swift */; };
		B10D7E446D1D7C1707736D38 /* PlayerShip.swift in Sources */ = {isa = PBXBuildFile; fileRef = E6EC6DF8BD59EC69523D8A6C /* PlayerShip.swift */; };
		B7796EF6EBE5B988FC71B522 /* Projectile.swift in Sources */ = {isa = PBXBuildFile; fileRef = 0321E5B2D46CD75344A9C753 /* Projectile.swift */; };
		B850F4B7EE0C79535434A95A /* SpriteFighterApp.swift in Sources */ = {isa = PBXBuildFile; fileRef = 800D39E385321EC97097428F /* SpriteFighterApp.swift */; };
		DF7003317E05FEC698397966 /* BaseCannon.wav in Resources */ = {isa = PBXBuildFile; fileRef = 9E9A426164C5834B2CE46426 /* BaseCannon.wav */; };
		E7D19A04314500D543C7A844 /* Assets.xcassets in Resources */ = {isa = PBXBuildFile; fileRef = 0D2BF254022E247D143BEEE6 /* Assets.xcassets */; };
		E7E2445EBA240E7866ECACB7 /* Explosion.wav in Resources */ = {isa = PBXBuildFile; fileRef = 08033B685A79DBFC52DC4033 /* Explosion.wav */; };
/* End PBXBuildFile section */

/* Begin PBXFileReference section */
		0321E5B2D46CD75344A9C753 /* Projectile.swift */ = {isa = PBXFileReference; lastKnownFileType = sourcecode.swift; path = Projectile.swift; sourceTree = "<group>"; };
		08033B685A79DBFC52DC4033 /* Explosion.wav */ = {isa = PBXFileReference; lastKnownFileType = audio.wav; path = Explosion.wav; sourceTree = "<group>"; };
		08FE6A33753C3C8939E0BC95 /* ShieldComponent.swift */ = {isa = PBXFileReference; lastKnownFileType = sourcecode.swift; path = ShieldComponent.swift; sourceTree = "<group>"; };
		0D2BF254022E247D143BEEE6 /* Assets.xcassets */ = {isa = PBXFileReference; lastKnownFileType = folder.assetcatalog; path = Assets.xcassets; sourceTree = "<group>"; };
		1A2C567294046AAFC596970B /* LevelConfig.swift */ = {isa = PBXFileReference; lastKnownFileType = sourcecode.swift; path = LevelConfig.swift; sourceTree = "<group>"; };
		2760339262C1B81A715075B3 /* Weapon.swift */ = {isa = PBXFileReference; lastKnownFileType = sourcecode.swift; path = Weapon.swift; sourceTree = "<group>"; };
		3E65EE160DD0573A3A2207FD /* GameScene.swift */ = {isa = PBXFileReference; lastKnownFileType = sourcecode.swift; path = GameScene.swift; sourceTree = "<group>"; };
		494F15238E3299F4B660DF04 /* SpriteFighter.app */ = {isa = PBXFileReference; includeInIndex = 0; lastKnownFileType = wrapper.application; path = SpriteFighter.app; sourceTree = BUILT_PRODUCTS_DIR; };
		4CCEE5D096E0717746D2DBE0 /* CreditOrb.swift */ = {isa = PBXFileReference; lastKnownFileType = sourcecode.swift; path = CreditOrb.swift; sourceTree = "<group>"; };
		56E2CC474D64433C10BA2F51 /* IonCannon.wav */ = {isa = PBXFileReference; lastKnownFileType = audio.wav; path = IonCannon.wav; sourceTree = "<group>"; };
		6CEE1B49814469EBD26DC153 /* Spritefighter.wav */ = {isa = PBXFileReference; lastKnownFileType = audio.wav; path = Spritefighter.wav; sourceTree = "<group>"; };
		6F6F305ED676F352549ECC9C /* SpreadCannon.wav */ = {isa = PBXFileReference; lastKnownFileType = audio.wav; path = SpreadCannon.wav; sourceTree = "<group>"; };
		800D39E385321EC97097428F /* SpriteFighterApp.swift */ = {isa = PBXFileReference; lastKnownFileType = sourcecode.swift; path = SpriteFighterApp.swift; sourceTree = "<group>"; };
		95AB6BCD0D68C8ECD79BCCBA /* EnemyShip.swift */ = {isa = PBXFileReference; lastKnownFileType = sourcecode.swift; path = EnemyShip.swift; sourceTree = "<group>"; };
		9E9A426164C5834B2CE46426 /* BaseCannon.wav */ = {isa = PBXFileReference; lastKnownFileType = audio.wav; path = BaseCannon.wav; sourceTree = "<group>"; };
		CDECE36FD5D948CA8A8DD707 /* StarField.swift */ = {isa = PBXFileReference; lastKnownFileType = sourcecode.swift; path = StarField.swift; sourceTree = "<group>"; };
		E6EC6DF8BD59EC69523D8A6C /* PlayerShip.swift */ = {isa = PBXFileReference; lastKnownFileType = sourcecode.swift; path = PlayerShip.swift; sourceTree = "<group>"; };
/* End PBXFileReference section */

/* Begin PBXGroup section */
		01322ACDA3780F6725BCCBA6 /* Entities */ = {
			isa = PBXGroup;
			children = (
				4CCEE5D096E0717746D2DBE0 /* CreditOrb.swift */,
				95AB6BCD0D68C8ECD79BCCBA /* EnemyShip.swift */,
				E6EC6DF8BD59EC69523D8A6C /* PlayerShip.swift */,
				0321E5B2D46CD75344A9C753 /* Projectile.swift */,
				08FE6A33753C3C8939E0BC95 /* ShieldComponent.swift */,
				CDECE36FD5D948CA8A8DD707 /* StarField.swift */,
				2760339262C1B81A715075B3 /* Weapon.swift */,
			);
			path = Entities;
			sourceTree = "<group>";
		};
		37913195A87E9B8089C13390 /* Game */ = {
			isa = PBXGroup;
			children = (
				1A2C567294046AAFC596970B /* LevelConfig.swift */,
			);
			path = Game;
			sourceTree = "<group>";
		};
		450E9445A80D8973AF29F9B1 /* Scenes */ = {
			isa = PBXGroup;
			children = (
				3E65EE160DD0573A3A2207FD /* GameScene.swift */,
			);
			path = Scenes;
			sourceTree = "<group>";
		};
		8AB0C64EDA0B0F6CF71C8974 /* SpriteFighter */ = {
			isa = PBXGroup;
			children = (
				0D2BF254022E247D143BEEE6 /* Assets.xcassets */,
				800D39E385321EC97097428F /* SpriteFighterApp.swift */,
				01322ACDA3780F6725BCCBA6 /* Entities */,
				37913195A87E9B8089C13390 /* Game */,
				450E9445A80D8973AF29F9B1 /* Scenes */,
				980BC7FC9535D531E3F18F85 /* Sounds */,
			);
			path = SpriteFighter;
			sourceTree = "<group>";
		};
		980BC7FC9535D531E3F18F85 /* Sounds */ = {
			isa = PBXGroup;
			children = (
				9E9A426164C5834B2CE46426 /* BaseCannon.wav */,
				08033B685A79DBFC52DC4033 /* Explosion.wav */,
				56E2CC474D64433C10BA2F51 /* IonCannon.wav */,
				6F6F305ED676F352549ECC9C /* SpreadCannon.wav */,
				6CEE1B49814469EBD26DC153 /* Spritefighter.wav */,
			);
			path = Sounds;
			sourceTree = "<group>";
		};
		DBCA3DF7C285D08B7DAEA24F = {
			isa = PBXGroup;
			children = (
				8AB0C64EDA0B0F6CF71C8974 /* SpriteFighter */,
				EE23B28BC423EB6B04C2BF6C /* Products */,
			);
			sourceTree = "<group>";
		};
		EE23B28BC423EB6B04C2BF6C /* Products */ = {
			isa = PBXGroup;
			children = (
				494F15238E3299F4B660DF04 /* SpriteFighter.app */,
			);
			name = Products;
			sourceTree = "<group>";
		};
/* End PBXGroup section */

/* Begin PBXNativeTarget section */
		E36F9E6E03A5E7EC9657CE49 /* SpriteFighter */ = {
			isa = PBXNativeTarget;
			buildConfigurationList = 6D00E816E55F157C2F88D7F5 /* Build configuration list for PBXNativeTarget "SpriteFighter" */;
			buildPhases = (
				7185A2817028490106B829A9 /* Sources */,
				62119AD3E274E9343CB24D80 /* Resources */,
			);
			buildRules = (
			);
			dependencies = (
			);
			name = SpriteFighter;
			packageProductDependencies = (
			);
			productName = SpriteFighter;
			productReference = 494F15238E3299F4B660DF04 /* SpriteFighter.app */;
			productType = "com.apple.product-type.application";
		};
/* End PBXNativeTarget section */

/* Begin PBXProject section */
		3270E4221B72EFCA01988FEF /* Project object */ = {
			isa = PBXProject;
			attributes = {
				BuildIndependentTargetsInParallel = YES;
				LastUpgradeCheck = 1430;
				TargetAttributes = {
				};
			};
			buildConfigurationList = D4876054F837B02D7794CB4A /* Build configuration list for PBXProject "SpriteFighter" */;
			developmentRegion = en;
			hasScannedForEncodings = 0;
			knownRegions = (
				Base,
				en,
			);
			mainGroup = DBCA3DF7C285D08B7DAEA24F;
			minimizedProjectReferenceProxies = 1;
			preferredProjectObjectVersion = 77;
			productRefGroup = EE23B28BC423EB6B04C2BF6C /* Products */;
			projectDirPath = "";
			projectRoot = "";
			targets = (
				E36F9E6E03A5E7EC9657CE49 /* SpriteFighter */,
			);
		};
/* End PBXProject section */

/* Begin PBXResourcesBuildPhase section */
		62119AD3E274E9343CB24D80 /* Resources */ = {
			isa = PBXResourcesBuildPhase;
			buildActionMask = 2147483647;
			files = (
				E7D19A04314500D543C7A844 /* Assets.xcassets in Resources */,
				DF7003317E05FEC698397966 /* BaseCannon.wav in Resources */,
				E7E2445EBA240E7866ECACB7 /* Explosion.wav in Resources */,
				5E64467CFFE6962E55906D0D /* IonCannon.wav in Resources */,
				8E3DF94542DAA2103ED70324 /* SpreadCannon.wav in Resources */,
				88431F81764C900FB43837A9 /* Spritefighter.wav in Resources */,
			);
			runOnlyForDeploymentPostprocessing = 0;
		};
/* End PBXResourcesBuildPhase section */

/* Begin PBXSourcesBuildPhase section */
		7185A2817028490106B829A9 /* Sources */ = {
			isa = PBXSourcesBuildPhase;
			buildActionMask = 2147483647;
			files = (
				2E156462A34BF050898057E9 /* CreditOrb.swift in Sources */,
				63DBF71BA833660AF101E0F0 /* EnemyShip.swift in Sources */,
				560FEA7560F5FEBA54FA605A /* GameScene.swift in Sources */,
				62D0E5EAE5B76E3A33184BEF /* LevelConfig.swift in Sources */,
				B10D7E446D1D7C1707736D38 /* PlayerShip.swift in Sources */,
				B7796EF6EBE5B988FC71B522 /* Projectile.swift in Sources */,
				9819BFDA31ABBCAF9CFFBB87 /* ShieldComponent.swift in Sources */,
				B850F4B7EE0C79535434A95A /* SpriteFighterApp.swift in Sources */,
				52688D71D2845022E3383A9B /* StarField.swift in Sources */,
				6CE1104D7C631D24D4CE1C01 /* Weapon.swift in Sources */,
			);
			runOnlyForDeploymentPostprocessing = 0;
		};
/* End PBXSourcesBuildPhase section */

/* Begin XCBuildConfiguration section */
		0A23543828D5C3F678B17345 /* Release */ = {
			isa = XCBuildConfiguration;
			buildSettings = {
				ALWAYS_SEARCH_USER_PATHS = NO;
				CLANG_ANALYZER_NONNULL = YES;
				CLANG_ANALYZER_NUMBER_OBJECT_CONVERSION = YES_AGGRESSIVE;
				CLANG_CXX_LANGUAGE_STANDARD = "gnu++14";
				CLANG_CXX_LIBRARY = "libc++";
				CLANG_ENABLE_MODULES = YES;
				CLANG_ENABLE_OBJC_ARC = YES;
				CLANG_ENABLE_OBJC_WEAK = YES;
				CLANG_WARN_BLOCK_CAPTURE_AUTORELEASING = YES;
				CLANG_WARN_BOOL_CONVERSION = YES;
				CLANG_WARN_COMMA = YES;
				CLANG_WARN_CONSTANT_CONVERSION = YES;
				CLANG_WARN_DEPRECATED_OBJC_IMPLEMENTATIONS = YES;
				CLANG_WARN_DIRECT_OBJC_ISA_USAGE = YES_ERROR;
				CLANG_WARN_DOCUMENTATION_COMMENTS = YES;
				CLANG_WARN_EMPTY_BODY = YES;
				CLANG_WARN_ENUM_CONVERSION = YES;
				CLANG_WARN_INFINITE_RECURSION = YES;
				CLANG_WARN_INT_CONVERSION = YES;
				CLANG_WARN_NON_LITERAL_NULL_CONVERSION = YES;
				CLANG_WARN_OBJC_IMPLICIT_RETAIN_SELF = YES;
				CLANG_WARN_OBJC_LITERAL_CONVERSION = YES;
				CLANG_WARN_OBJC_ROOT_CLASS = YES_ERROR;
				CLANG_WARN_QUOTED_INCLUDE_IN_FRAMEWORK_HEADER = YES;
				CLANG_WARN_RANGE_LOOP_ANALYSIS = YES;
				CLANG_WARN_STRICT_PROTOTYPES = YES;
				CLANG_WARN_SUSPICIOUS_MOVE = YES;
				CLANG_WARN_UNGUARDED_AVAILABILITY = YES_AGGRESSIVE;
				CLANG_WARN_UNREACHABLE_CODE = YES;
				CLANG_WARN__DUPLICATE_METHOD_MATCH = YES;
				COPY_PHASE_STRIP = NO;
				DEBUG_INFORMATION_FORMAT = "dwarf-with-dsym";
				ENABLE_NS_ASSERTIONS = NO;
				ENABLE_STRICT_OBJC_MSGSEND = YES;
				GCC_C_LANGUAGE_STANDARD = gnu11;
				GCC_NO_COMMON_BLOCKS = YES;
				GCC_WARN_64_TO_32_BIT_CONVERSION = YES;
				GCC_WARN_ABOUT_RETURN_TYPE = YES_ERROR;
				GCC_WARN_UNDECLARED_SELECTOR = YES;
				GCC_WARN_UNINITIALIZED_AUTOS = YES_AGGRESSIVE;
				GCC_WARN_UNUSED_FUNCTION = YES;
				GCC_WARN_UNUSED_VARIABLE = YES;
				IPHONEOS_DEPLOYMENT_TARGET = 16.0;
				MTL_ENABLE_DEBUG_INFO = NO;
				MTL_FAST_MATH = YES;
				PRODUCT_NAME = "$(TARGET_NAME)";
				SDKROOT = iphoneos;
				SWIFT_COMPILATION_MODE = wholemodule;
				SWIFT_OPTIMIZATION_LEVEL = "-O";
				SWIFT_VERSION = 5.0;
			};
			name = Release;
		};
		84F3DED45DD2E98C04FFDA38 /* Debug */ = {
			isa = XCBuildConfiguration;
			buildSettings = {
				ASSETCATALOG_COMPILER_APPICON_NAME = AppIcon;
				CODE_SIGN_IDENTITY = "iPhone Developer";
				CURRENT_PROJECT_VERSION = 1;
				GENERATE_INFOPLIST_FILE = YES;
				INFOPLIST_KEY_UIApplicationSupportsIndirectInputEvents = YES;
				INFOPLIST_KEY_UILaunchScreen_Generation = YES;
				INFOPLIST_KEY_UIRequiresFullScreen = YES;
				INFOPLIST_KEY_UIStatusBarHidden = YES;
				INFOPLIST_KEY_UISupportedInterfaceOrientations = UIInterfaceOrientationPortrait;
				LD_RUNPATH_SEARCH_PATHS = (
					"$(inherited)",
					"@executable_path/Frameworks",
				);
				MARKETING_VERSION = 1.0;
				PRODUCT_BUNDLE_IDENTIFIER = com.spritefighter.SpriteFighter;
				SDKROOT = iphoneos;
				SUPPORTED_PLATFORMS = "iphoneos iphonesimulator";
				SWIFT_VERSION = 5.0;
				TARGETED_DEVICE_FAMILY = 1;
			};
			name = Debug;
		};
		C7F49D2B9EF4BA2C2F3D8428 /* Debug */ = {
			isa = XCBuildConfiguration;
			buildSettings = {
				ALWAYS_SEARCH_USER_PATHS = NO;
				CLANG_ANALYZER_NONNULL = YES;
				CLANG_ANALYZER_NUMBER_OBJECT_CONVERSION = YES_AGGRESSIVE;
				CLANG_CXX_LANGUAGE_STANDARD = "gnu++14";
				CLANG_CXX_LIBRARY = "libc++";
				CLANG_ENABLE_MODULES = YES;
				CLANG_ENABLE_OBJC_ARC = YES;
				CLANG_ENABLE_OBJC_WEAK = YES;
				CLANG_WARN_BLOCK_CAPTURE_AUTORELEASING = YES;
				CLANG_WARN_BOOL_CONVERSION = YES;
				CLANG_WARN_COMMA = YES;
				CLANG_WARN_CONSTANT_CONVERSION = YES;
				CLANG_WARN_DEPRECATED_OBJC_IMPLEMENTATIONS = YES;
				CLANG_WARN_DIRECT_OBJC_ISA_USAGE = YES_ERROR;
				CLANG_WARN_DOCUMENTATION_COMMENTS = YES;
				CLANG_WARN_EMPTY_BODY = YES;
				CLANG_WARN_ENUM_CONVERSION = YES;
				CLANG_WARN_INFINITE_RECURSION = YES;
				CLANG_WARN_INT_CONVERSION = YES;
				CLANG_WARN_NON_LITERAL_NULL_CONVERSION = YES;
				CLANG_WARN_OBJC_IMPLICIT_RETAIN_SELF = YES;
				CLANG_WARN_OBJC_LITERAL_CONVERSION = YES;
				CLANG_WARN_OBJC_ROOT_CLASS = YES_ERROR;
				CLANG_WARN_QUOTED_INCLUDE_IN_FRAMEWORK_HEADER = YES;
				CLANG_WARN_RANGE_LOOP_ANALYSIS = YES;
				CLANG_WARN_STRICT_PROTOTYPES = YES;
				CLANG_WARN_SUSPICIOUS_MOVE = YES;
				CLANG_WARN_UNGUARDED_AVAILABILITY = YES_AGGRESSIVE;
				CLANG_WARN_UNREACHABLE_CODE = YES;
				CLANG_WARN__DUPLICATE_METHOD_MATCH = YES;
				COPY_PHASE_STRIP = NO;
				DEBUG_INFORMATION_FORMAT = dwarf;
				ENABLE_STRICT_OBJC_MSGSEND = YES;
				ENABLE_TESTABILITY = YES;
				GCC_C_LANGUAGE_STANDARD = gnu11;
				GCC_DYNAMIC_NO_PIC = NO;
				GCC_NO_COMMON_BLOCKS = YES;
				GCC_OPTIMIZATION_LEVEL = 0;
				GCC_PREPROCESSOR_DEFINITIONS = (
					"$(inherited)",
					"DEBUG=1",
				);
				GCC_WARN_64_TO_32_BIT_CONVERSION = YES;
				GCC_WARN_ABOUT_RETURN_TYPE = YES_ERROR;
				GCC_WARN_UNDECLARED_SELECTOR = YES;
				GCC_WARN_UNINITIALIZED_AUTOS = YES_AGGRESSIVE;
				GCC_WARN_UNUSED_FUNCTION = YES;
				GCC_WARN_UNUSED_VARIABLE = YES;
				IPHONEOS_DEPLOYMENT_TARGET = 16.0;
				MTL_ENABLE_DEBUG_INFO = INCLUDE_SOURCE;
				MTL_FAST_MATH = YES;
				ONLY_ACTIVE_ARCH = YES;
				PRODUCT_NAME = "$(TARGET_NAME)";
				SDKROOT = iphoneos;
				SWIFT_ACTIVE_COMPILATION_CONDITIONS = DEBUG;
				SWIFT_OPTIMIZATION_LEVEL = "-Onone";
				SWIFT_VERSION = 5.0;
			};
			name = Debug;
		};
		D92EBAB73272540608A1D2C3 /* Release */ = {
			isa = XCBuildConfiguration;
			buildSettings = {
				ASSETCATALOG_COMPILER_APPICON_NAME = AppIcon;
				CODE_SIGN_IDENTITY = "iPhone Developer";
				CURRENT_PROJECT_VERSION = 1;
				GENERATE_INFOPLIST_FILE = YES;
				INFOPLIST_KEY_UIApplicationSupportsIndirectInputEvents = YES;
				INFOPLIST_KEY_UILaunchScreen_Generation = YES;
				INFOPLIST_KEY_UIRequiresFullScreen = YES;
				INFOPLIST_KEY_UIStatusBarHidden = YES;
				INFOPLIST_KEY_UISupportedInterfaceOrientations = UIInterfaceOrientationPortrait;
				LD_RUNPATH_SEARCH_PATHS = (
					"$(inherited)",
					"@executable_path/Frameworks",
				);
				MARKETING_VERSION = 1.0;
				PRODUCT_BUNDLE_IDENTIFIER = com.spritefighter.SpriteFighter;
				SDKROOT = iphoneos;
				SUPPORTED_PLATFORMS = "iphoneos iphonesimulator";
				SWIFT_VERSION = 5.0;
				TARGETED_DEVICE_FAMILY = 1;
			};
			name = Release;
		};
/* End XCBuildConfiguration section */

/* Begin XCConfigurationList section */
		6D00E816E55F157C2F88D7F5 /* Build configuration list for PBXNativeTarget "SpriteFighter" */ = {
			isa = XCConfigurationList;
			buildConfigurations = (
				84F3DED45DD2E98C04FFDA38 /* Debug */,
				D92EBAB73272540608A1D2C3 /* Release */,
			);
			defaultConfigurationIsVisible = 0;
			defaultConfigurationName = Debug;
		};
		D4876054F837B02D7794CB4A /* Build configuration list for PBXProject "SpriteFighter" */ = {
			isa = XCConfigurationList;
			buildConfigurations = (
				C7F49D2B9EF4BA2C2F3D8428 /* Debug */,
				0A23543828D5C3F678B17345 /* Release */,
			);
			defaultConfigurationIsVisible = 0;
			defaultConfigurationName = Debug;
		};
/* End XCConfigurationList section */
	};
	rootObject = 3270E4221B72EFCA01988FEF /* Project object */;
}
